
Microsoft Visual Studio Solution File, Format Version 12.00
# Visual Studio 14
VisualStudioVersion = 14.0.25420.1
MinimumVisualStudioVersion = 10.0.40219.1
Project("{FAE04EC0-301F-11D3-BF4B-00C04F79EFBC}") = "SQLiteExample", "SQLiteExample\SQLiteExample\SQLiteExample.csproj", "{5A8FE558-A6BB-4536-8935-7DEBC7575F80}"
EndProject
Project("{FAE04EC0-301F-11D3-BF4B-00C04F79EFBC}") = "SQLiteExample.Droid", "SQLiteExample\SQLiteExample.Droid\SQLiteExample.Droid.csproj", "{5442E685-A1F7-420B-B81A-32968B54D094}"
EndProject
Project("{FAE04EC0-301F-11D3-BF4B-00C04F79EFBC}") = "SQLiteExample.UWP", "SQLiteExample\SQLiteExample.UWP\SQLiteExample.UWP.csproj", "{9AB33451-F39D-4FDF-89A9-82A569C2B96A}"
EndProject
Global
	GlobalSection(SolutionConfigurationPlatforms) = preSolution
		Debug|Any CPU = Debug|Any CPU
		Debug|ARM = Debug|ARM
		Debug|x64 = Debug|x64
		Debug|x86 = Debug|x86
		Release|Any CPU = Release|Any CPU
		Release|ARM = Release|ARM
		Release|x64 = Release|x64
		Release|x86 = Release|x86
	EndGlobalSection
	GlobalSection(ProjectConfigurationPlatforms) = postSolution
		{5A8FE558-A6BB-4536-8935-7DEBC7575F80}.Debug|Any CPU.ActiveCfg = Debug|Any CPU
		{5A8FE558-A6BB-4536-8935-7DEBC7575F80}.Debug|Any CPU.Build.0 = Debug|Any CPU
		{5A8FE558-A6BB-4536-8935-7DEBC7575F80}.Debug|ARM.ActiveCfg = Debug|Any CPU
		{5A8FE558-A6BB-4536-8935-7DEBC7575F80}.Debug|ARM.Build.0 = Debug|Any CPU
		{5A8FE558-A6BB-4536-8935-7DEBC7575F80}.Debug|x64.ActiveCfg = Debug|Any CPU
		{5A8FE558-A6BB-4536-8935-7DEBC7575F80}.Debug|x64.Build.0 = Debug|Any CPU
		{5A8FE558-A6BB-4536-8935-7DEBC7575F80}.Debug|x86.ActiveCfg = Debug|Any CPU
		{5A8FE558-A6BB-4536-8935-7DEBC7575F80}.Debug|x86.Build.0 = Debug|Any CPU
		{5A8FE558-A6BB-4536-8935-7DEBC7575F80}.Release|Any CPU.ActiveCfg = Release|Any CPU
		{5A8FE558-A6BB-4536-8935-7DEBC7575F80}.Release|Any CPU.Build.0 = Release|Any CPU
		{5A8FE558-A6BB-4536-8935-7DEBC7575F80}.Release|ARM.ActiveCfg = Release|Any CPU
		{5A8FE558-A6BB-4536-8935-7DEBC7575F80}.Release|ARM.Build.0 = Release|Any CPU
		{5A8FE558-A6BB-4536-8935-7DEBC7575F80}.Release|x64.ActiveCfg = Release|Any CPU
		{5A8FE558-A6BB-4536-8935-7DEBC7575F80}.Release|x64.Build.0 = Release|Any CPU
		{5A8FE558-A6BB-4536-8935-7DEBC7575F80}.Release|x86.ActiveCfg = Release|Any CPU
		{5A8FE558-A6BB-4536-8935-7DEBC7575F80}.Release|x86.Build.0 = Release|Any CPU
		{5442E685-A1F7-420B-B81A-32968B54D094}.Debug|Any CPU.ActiveCfg = Debug|Any CPU
		{5442E685-A1F7-420B-B81A-32968B54D094}.Debug|Any CPU.Build.0 = Debug|Any CPU
		{5442E685-A1F7-420B-B81A-32968B54D094}.Debug|Any CPU.Deploy.0 = Debug|Any CPU
		{5442E685-A1F7-420B-B81A-32968B54D094}.Debug|ARM.ActiveCfg = Debug|Any CPU
		{5442E685-A1F7-420B-B81A-32968B54D094}.Debug|ARM.Build.0 = Debug|Any CPU
		{5442E685-A1F7-420B-B81A-32968B54D094}.Debug|ARM.Deploy.0 = Debug|Any CPU
		{5442E685-A1F7-420B-B81A-32968B54D094}.Debug|x64.ActiveCfg = Debug|Any CPU
		{5442E685-A1F7-420B-B81A-32968B54D094}.Debug|x64.Build.0 = Debug|Any CPU
		{5442E685-A1F7-420B-B81A-32968B54D094}.Debug|x64.Deploy.0 = Debug|Any CPU
		{5442E685-A1F7-420B-B81A-32968B54D094}.Debug|x86.ActiveCfg = Debug|Any CPU
		{5442E685-A1F7-420B-B81A-32968B54D094}.Debug|x86.Build.0 = Debug|Any CPU
		{5442E685-A1F7-420B-B81A-32968B54D094}.Debug|x86.Deploy.0 = Debug|Any CPU
		{5442E685-A1F7-420B-B81A-32968B54D094}.Release|Any CPU.ActiveCfg = Release|Any CPU
		{5442E685-A1F7-420B-B81A-32968B54D094}.Release|Any CPU.Build.0 = Release|Any CPU
		{5442E685-A1F7-420B-B81A-32968B54D094}.Release|Any CPU.Deploy.0 = Release|Any CPU
		{5442E685-A1F7-420B-B81A-32968B54D094}.Release|ARM.ActiveCfg = Release|Any CPU
		{5442E685-A1F7-420B-B81A-32968B54D094}.Release|ARM.Build.0 = Release|Any CPU
		{5442E685-A1F7-420B-B81A-32968B54D094}.Release|ARM.Deploy.0 = Release|Any CPU
		{5442E685-A1F7-420B-B81A-32968B54D094}.Release|x64.ActiveCfg = Release|Any CPU
		{5442E685-A1F7-420B-B81A-32968B54D094}.Release|x64.Build.0 = Release|Any CPU
		{5442E685-A1F7-420B-B81A-32968B54D094}.Release|x64.Deploy.0 = Release|Any CPU
		{5442E685-A1F7-420B-B81A-32968B54D094}.Release|x86.ActiveCfg = Release|Any CPU
		{5442E685-A1F7-420B-B81A-32968B54D094}.Release|x86.Build.0 = Release|Any CPU
		{5442E685-A1F7-420B-B81A-32968B54D094}.Release|x86.Deploy.0 = Release|Any CPU
		{9AB33451-F39D-4FDF-89A9-82A569C2B96A}.Debug|Any CPU.ActiveCfg = Debug|x86
		{9AB33451-F39D-4FDF-89A9-82A569C2B96A}.Debug|ARM.ActiveCfg = Debug|ARM
		{9AB33451-F39D-4FDF-89A9-82A569C2B96A}.Debug|ARM.Build.0 = Debug|ARM
		{9AB33451-F39D-4FDF-89A9-82A569C2B96A}.Debug|ARM.Deploy.0 = Debug|ARM
		{9AB33451-F39D-4FDF-89A9-82A569C2B96A}.Debug|x64.ActiveCfg = Debug|x64
		{9AB33451-F39D-4FDF-89A9-82A569C2B96A}.Debug|x64.Build.0 = Debug|x64
		{9AB33451-F39D-4FDF-89A9-82A569C2B96A}.Debug|x64.Deploy.0 = Debug|x64
		{9AB33451-F39D-4FDF-89A9-82A569C2B96A}.Debug|x86.ActiveCfg = Debug|x86
		{9AB33451-F39D-4FDF-89A9-82A569C2B96A}.Debug|x86.Build.0 = Debug|x86
		{9AB33451-F39D-4FDF-89A9-82A569C2B96A}.Debug|x86.Deploy.0 = Debug|x86
		{9AB33451-F39D-4FDF-89A9-82A569C2B96A}.Release|Any CPU.ActiveCfg = Release|x86
		{9AB33451-F39D-4FDF-89A9-82A569C2B96A}.Release|ARM.ActiveCfg = Release|ARM
		{9AB33451-F39D-4FDF-89A9-82A569C2B96A}.Release|ARM.Build.0 = Release|ARM
		{9AB33451-F39D-4FDF-89A9-82A569C2B96A}.Release|ARM.Deploy.0 = Release|ARM
		{9AB33451-F39D-4FDF-89A9-82A569C2B96A}.Release|x64.ActiveCfg = Release|x64
		{9AB33451-F39D-4FDF-89A9-82A569C2B96A}.Release|x64.Build.0 = Release|x64
		{9AB33451-F39D-4FDF-89A9-82A569C2B96A}.Release|x64.Deploy.0 = Release|x64
		{9AB33451-F39D-4FDF-89A9-82A569C2B96A}.Release|x86.ActiveCfg = Release|x86
		{9AB33451-F39D-4FDF-89A9-82A569C2B96A}.Release|x86.Build.0 = Release|x86
		{9AB33451-F39D-4FDF-89A9-82A569C2B96A}.Release|x86.Deploy.0 = Release|x86
	EndGlobalSection
	GlobalSection(SolutionProperties) = preSolution
		HideSolutionNode = FALSE
	EndGlobalSection
EndGlobal
